// !$*UTF8*$!
{
	archiveVersion = 1;
	classes = {
	};
	objectVersion = 50;
	objects = {

/* Begin PBXBuildFile section */
		1E275324222A72940035B6C2 /* AppDelegate.swift in Sources */ = {isa = PBXBuildFile; fileRef = 1E275323222A72940035B6C2 /* AppDelegate.swift */; };
		1E275326222A72940035B6C2 /* TodayViewController.swift in Sources */ = {isa = PBXBuildFile; fileRef = 1E275325222A72940035B6C2 /* TodayViewController.swift */; };
		1E275328222A72940035B6C2 /* CalendarViewController.swift in Sources */ = {isa = PBXBuildFile; fileRef = 1E275327222A72940035B6C2 /* CalendarViewController.swift */; };
		1E27532B222A72940035B6C2 /* Main.storyboard in Resources */ = {isa = PBXBuildFile; fileRef = 1E275329222A72940035B6C2 /* Main.storyboard */; };
		1E27532D222A72950035B6C2 /* Assets.xcassets in Resources */ = {isa = PBXBuildFile; fileRef = 1E27532C222A72950035B6C2 /* Assets.xcassets */; };
		1E275330222A72950035B6C2 /* LaunchScreen.storyboard in Resources */ = {isa = PBXBuildFile; fileRef = 1E27532E222A72950035B6C2 /* LaunchScreen.storyboard */; };
		1E27533B222A72950035B6C2 /* lunchManagerTests.swift in Sources */ = {isa = PBXBuildFile; fileRef = 1E27533A222A72950035B6C2 /* lunchManagerTests.swift */; };
		1E68FC09228030F4006869DA /* idCard.png in Resources */ = {isa = PBXBuildFile; fileRef = 1E68FC08228030F4006869DA /* idCard.png */; };
		1E68FC0B22803869006869DA /* ViewCommonFunction.swift in Sources */ = {isa = PBXBuildFile; fileRef = 1E68FC0A22803869006869DA /* ViewCommonFunction.swift */; };
		1E6D95CF222A77D80077741E /* TodayController.swift in Sources */ = {isa = PBXBuildFile; fileRef = 1E6D95CE222A77D80077741E /* TodayController.swift */; };
		1E6D95D1222A78740077741E /* CalendarController.swift in Sources */ = {isa = PBXBuildFile; fileRef = 1E6D95D0222A78740077741E /* CalendarController.swift */; };
		1E6D95D7222B96930077741E /* Calendar.png in Resources */ = {isa = PBXBuildFile; fileRef = 1E6D95D6222B96930077741E /* Calendar.png */; };
		1E7215B2222F791700563D70 /* TodayModel.swift in Sources */ = {isa = PBXBuildFile; fileRef = 1E7215B1222F791700563D70 /* TodayModel.swift */; };
		1E7215B4222F793100563D70 /* RestaurantModel.swift in Sources */ = {isa = PBXBuildFile; fileRef = 1E7215B3222F793100563D70 /* RestaurantModel.swift */; };
		1E7215B6222F7A5C00563D70 /* AccountModel.swift in Sources */ = {isa = PBXBuildFile; fileRef = 1E7215B5222F7A5C00563D70 /* AccountModel.swift */; };
		1E7215B82230CFB000563D70 /* QueryController.swift in Sources */ = {isa = PBXBuildFile; fileRef = 1E7215B72230CFB000563D70 /* QueryController.swift */; };
/* End PBXBuildFile section */

/* Begin PBXContainerItemProxy section */
		1E275337222A72950035B6C2 /* PBXContainerItemProxy */ = {
			isa = PBXContainerItemProxy;
			containerPortal = 1E275318222A72940035B6C2 /* Project object */;
			proxyType = 1;
			remoteGlobalIDString = 1E27531F222A72940035B6C2;
			remoteInfo = lunchManager;
		};
/* End PBXContainerItemProxy section */

/* Begin PBXFileReference section */
		1E275320222A72940035B6C2 /* lunchManager.app */ = {isa = PBXFileReference; explicitFileType = wrapper.application; includeInIndex = 0; path = lunchManager.app; sourceTree = BUILT_PRODUCTS_DIR; };
		1E275323222A72940035B6C2 /* AppDelegate.swift */ = {isa = PBXFileReference; lastKnownFileType = sourcecode.swift; path = AppDelegate.swift; sourceTree = "<group>"; };
		1E275325222A72940035B6C2 /* TodayViewController.swift */ = {isa = PBXFileReference; lastKnownFileType = sourcecode.swift; path = TodayViewController.swift; sourceTree = "<group>"; };
		1E275327222A72940035B6C2 /* CalendarViewController.swift */ = {isa = PBXFileReference; lastKnownFileType = sourcecode.swift; path = CalendarViewController.swift; sourceTree = "<group>"; };
		1E27532A222A72940035B6C2 /* Base */ = {isa = PBXFileReference; lastKnownFileType = file.storyboard; name = Base; path = Base.lproj/Main.storyboard; sourceTree = "<group>"; };
		1E27532C222A72950035B6C2 /* Assets.xcassets */ = {isa = PBXFileReference; lastKnownFileType = folder.assetcatalog; path = Assets.xcassets; sourceTree = "<group>"; };
		1E27532F222A72950035B6C2 /* Base */ = {isa = PBXFileReference; lastKnownFileType = file.storyboard; name = Base; path = Base.lproj/LaunchScreen.storyboard; sourceTree = "<group>"; };
		1E275331222A72950035B6C2 /* Info.plist */ = {isa = PBXFileReference; lastKnownFileType = text.plist.xml; path = Info.plist; sourceTree = "<group>"; };
		1E275336222A72950035B6C2 /* lunchManagerTests.xctest */ = {isa = PBXFileReference; explicitFileType = wrapper.cfbundle; includeInIndex = 0; path = lunchManagerTests.xctest; sourceTree = BUILT_PRODUCTS_DIR; };
		1E27533A222A72950035B6C2 /* lunchManagerTests.swift */ = {isa = PBXFileReference; lastKnownFileType = sourcecode.swift; path = lunchManagerTests.swift; sourceTree = "<group>"; };
		1E27533C222A72950035B6C2 /* Info.plist */ = {isa = PBXFileReference; lastKnownFileType = text.plist.xml; path = Info.plist; sourceTree = "<group>"; };
		1E68FC08228030F4006869DA /* idCard.png */ = {isa = PBXFileReference; lastKnownFileType = image.png; path = idCard.png; sourceTree = "<group>"; };
		1E68FC0A22803869006869DA /* ViewCommonFunction.swift */ = {isa = PBXFileReference; lastKnownFileType = sourcecode.swift; path = ViewCommonFunction.swift; sourceTree = "<group>"; };
		1E6D95CE222A77D80077741E /* TodayController.swift */ = {isa = PBXFileReference; lastKnownFileType = sourcecode.swift; path = TodayController.swift; sourceTree = "<group>"; };
		1E6D95D0222A78740077741E /* CalendarController.swift */ = {isa = PBXFileReference; lastKnownFileType = sourcecode.swift; path = CalendarController.swift; sourceTree = "<group>"; };
		1E6D95D6222B96930077741E /* Calendar.png */ = {isa = PBXFileReference; lastKnownFileType = image.png; path = Calendar.png; sourceTree = "<group>"; };
		1E7215B1222F791700563D70 /* TodayModel.swift */ = {isa = PBXFileReference; lastKnownFileType = sourcecode.swift; path = TodayModel.swift; sourceTree = "<group>"; };
		1E7215B3222F793100563D70 /* RestaurantModel.swift */ = {isa = PBXFileReference; lastKnownFileType = sourcecode.swift; path = RestaurantModel.swift; sourceTree = "<group>"; };
		1E7215B5222F7A5C00563D70 /* AccountModel.swift */ = {isa = PBXFileReference; lastKnownFileType = sourcecode.swift; path = AccountModel.swift; sourceTree = "<group>"; };
		1E7215B72230CFB000563D70 /* QueryController.swift */ = {isa = PBXFileReference; lastKnownFileType = sourcecode.swift; path = QueryController.swift; sourceTree = "<group>"; };
/* End PBXFileReference section */

/* Begin PBXFrameworksBuildPhase section */
		1E27531D222A72940035B6C2 /* Frameworks */ = {
			isa = PBXFrameworksBuildPhase;
			buildActionMask = 2147483647;
			files = (
			);
			runOnlyForDeploymentPostprocessing = 0;
		};
		1E275333222A72950035B6C2 /* Frameworks */ = {
			isa = PBXFrameworksBuildPhase;
			buildActionMask = 2147483647;
			files = (
			);
			runOnlyForDeploymentPostprocessing = 0;
		};
/* End PBXFrameworksBuildPhase section */

/* Begin PBXGroup section */
		1E275317222A72940035B6C2 = {
			isa = PBXGroup;
			children = (
				1E275322222A72940035B6C2 /* lunchManager */,
				1E275339222A72950035B6C2 /* lunchManagerTests */,
				1E275321222A72940035B6C2 /* Products */,
			);
			sourceTree = "<group>";
		};
		1E275321222A72940035B6C2 /* Products */ = {
			isa = PBXGroup;
			children = (
				1E275320222A72940035B6C2 /* lunchManager.app */,
				1E275336222A72950035B6C2 /* lunchManagerTests.xctest */,
			);
			name = Products;
			sourceTree = "<group>";
		};
		1E275322222A72940035B6C2 /* lunchManager */ = {
			isa = PBXGroup;
			children = (
				1E6D95C9222A72D40077741E /* Model */,
				1E6D95CA222A72D90077741E /* VIew */,
				1E6D95CB222A72E80077741E /* Controller */,
				1E6D95CC222A72FC0077741E /* Storyboard */,
				1E6D95CD222A73150077741E /* SupportingFiles */,
			);
			path = lunchManager;
			sourceTree = "<group>";
		};
		1E275339222A72950035B6C2 /* lunchManagerTests */ = {
			isa = PBXGroup;
			children = (
				1E27533A222A72950035B6C2 /* lunchManagerTests.swift */,
				1E27533C222A72950035B6C2 /* Info.plist */,
			);
			path = lunchManagerTests;
			sourceTree = "<group>";
		};
		1E6D95C9222A72D40077741E /* Model */ = {
			isa = PBXGroup;
			children = (
				1E7215B1222F791700563D70 /* TodayModel.swift */,
				1E7215B3222F793100563D70 /* RestaurantModel.swift */,
				1E7215B5222F7A5C00563D70 /* AccountModel.swift */,
			);
			path = Model;
			sourceTree = "<group>";
		};
		1E6D95CA222A72D90077741E /* VIew */ = {
			isa = PBXGroup;
			children = (
				1E275325222A72940035B6C2 /* TodayViewController.swift */,
				1E275327222A72940035B6C2 /* CalendarViewController.swift */,
				1E68FC0A22803869006869DA /* ViewCommonFunction.swift */,
			);
			path = VIew;
			sourceTree = "<group>";
		};
		1E6D95CB222A72E80077741E /* Controller */ = {
			isa = PBXGroup;
			children = (
				1E275323222A72940035B6C2 /* AppDelegate.swift */,
				1E6D95CE222A77D80077741E /* TodayController.swift */,
				1E6D95D0222A78740077741E /* CalendarController.swift */,
				1E7215B72230CFB000563D70 /* QueryController.swift */,
			);
			path = Controller;
			sourceTree = "<group>";
		};
		1E6D95CC222A72FC0077741E /* Storyboard */ = {
			isa = PBXGroup;
			children = (
				1E27532E222A72950035B6C2 /* LaunchScreen.storyboard */,
				1E275329222A72940035B6C2 /* Main.storyboard */,
			);
			path = Storyboard;
			sourceTree = "<group>";
		};
		1E6D95CD222A73150077741E /* SupportingFiles */ = {
			isa = PBXGroup;
			children = (
				1E27532C222A72950035B6C2 /* Assets.xcassets */,
				1E68FC08228030F4006869DA /* idCard.png */,
				1E6D95D6222B96930077741E /* Calendar.png */,
				1E275331222A72950035B6C2 /* Info.plist */,
			);
			path = SupportingFiles;
			sourceTree = "<group>";
		};
/* End PBXGroup section */

/* Begin PBXNativeTarget section */
		1E27531F222A72940035B6C2 /* lunchManager */ = {
			isa = PBXNativeTarget;
			buildConfigurationList = 1E27533F222A72950035B6C2 /* Build configuration list for PBXNativeTarget "lunchManager" */;
			buildPhases = (
				1E27531C222A72940035B6C2 /* Sources */,
				1E27531D222A72940035B6C2 /* Frameworks */,
				1E27531E222A72940035B6C2 /* Resources */,
			);
			buildRules = (
			);
			dependencies = (
			);
			name = lunchManager;
			productName = lunchManager;
			productReference = 1E275320222A72940035B6C2 /* lunchManager.app */;
			productType = "com.apple.product-type.application";
		};
		1E275335222A72950035B6C2 /* lunchManagerTests */ = {
			isa = PBXNativeTarget;
			buildConfigurationList = 1E275342222A72950035B6C2 /* Build configuration list for PBXNativeTarget "lunchManagerTests" */;
			buildPhases = (
				1E275332222A72950035B6C2 /* Sources */,
				1E275333222A72950035B6C2 /* Frameworks */,
				1E275334222A72950035B6C2 /* Resources */,
			);
			buildRules = (
			);
			dependencies = (
				1E275338222A72950035B6C2 /* PBXTargetDependency */,
			);
			name = lunchManagerTests;
			productName = lunchManagerTests;
			productReference = 1E275336222A72950035B6C2 /* lunchManagerTests.xctest */;
			productType = "com.apple.product-type.bundle.unit-test";
		};
/* End PBXNativeTarget section */

/* Begin PBXProject section */
		1E275318222A72940035B6C2 /* Project object */ = {
			isa = PBXProject;
			attributes = {
				LastSwiftUpdateCheck = 1010;
				LastUpgradeCheck = 1010;
				ORGANIZATIONNAME = "SANGJUN AN";
				TargetAttributes = {
					1E27531F222A72940035B6C2 = {
						CreatedOnToolsVersion = 10.1;
						LastSwiftMigration = 1020;
					};
					1E275335222A72950035B6C2 = {
						CreatedOnToolsVersion = 10.1;
						LastSwiftMigration = 1020;
						TestTargetID = 1E27531F222A72940035B6C2;
					};
				};
			};
			buildConfigurationList = 1E27531B222A72940035B6C2 /* Build configuration list for PBXProject "lunchManager" */;
			compatibilityVersion = "Xcode 9.3";
			developmentRegion = en;
			hasScannedForEncodings = 0;
			knownRegions = (
				en,
				Base,
			);
			mainGroup = 1E275317222A72940035B6C2;
			productRefGroup = 1E275321222A72940035B6C2 /* Products */;
			projectDirPath = "";
			projectRoot = "";
			targets = (
				1E27531F222A72940035B6C2 /* lunchManager */,
				1E275335222A72950035B6C2 /* lunchManagerTests */,
			);
		};
/* End PBXProject section */

/* Begin PBXResourcesBuildPhase section */
		1E27531E222A72940035B6C2 /* Resources */ = {
			isa = PBXResourcesBuildPhase;
			buildActionMask = 2147483647;
			files = (
				1E275330222A72950035B6C2 /* LaunchScreen.storyboard in Resources */,
				1E68FC09228030F4006869DA /* idCard.png in Resources */,
				1E6D95D7222B96930077741E /* Calendar.png in Resources */,
				1E27532D222A72950035B6C2 /* Assets.xcassets in Resources */,
				1E27532B222A72940035B6C2 /* Main.storyboard in Resources */,
			);
			runOnlyForDeploymentPostprocessing = 0;
		};
		1E275334222A72950035B6C2 /* Resources */ = {
			isa = PBXResourcesBuildPhase;
			buildActionMask = 2147483647;
			files = (
			);
			runOnlyForDeploymentPostprocessing = 0;
		};
/* End PBXResourcesBuildPhase section */

/* Begin PBXSourcesBuildPhase section */
		1E27531C222A72940035B6C2 /* Sources */ = {
			isa = PBXSourcesBuildPhase;
			buildActionMask = 2147483647;
			files = (
				1E275328222A72940035B6C2 /* CalendarViewController.swift in Sources */,
				1E7215B82230CFB000563D70 /* QueryController.swift in Sources */,
				1E6D95CF222A77D80077741E /* TodayController.swift in Sources */,
				1E6D95D1222A78740077741E /* CalendarController.swift in Sources */,
				1E7215B6222F7A5C00563D70 /* AccountModel.swift in Sources */,
				1E68FC0B22803869006869DA /* ViewCommonFunction.swift in Sources */,
				1E7215B4222F793100563D70 /* RestaurantModel.swift in Sources */,
				1E275324222A72940035B6C2 /* AppDelegate.swift in Sources */,
				1E275326222A72940035B6C2 /* TodayViewController.swift in Sources */,
				1E7215B2222F791700563D70 /* TodayModel.swift in Sources */,
			);
			runOnlyForDeploymentPostprocessing = 0;
		};
		1E275332222A72950035B6C2 /* Sources */ = {
			isa = PBXSourcesBuildPhase;
			buildActionMask = 2147483647;
			files = (
				1E27533B222A72950035B6C2 /* lunchManagerTests.swift in Sources */,
			);
			runOnlyForDeploymentPostprocessing = 0;
		};
/* End PBXSourcesBuildPhase section */

/* Begin PBXTargetDependency section */
		1E275338222A72950035B6C2 /* PBXTargetDependency */ = {
			isa = PBXTargetDependency;
			target = 1E27531F222A72940035B6C2 /* lunchManager */;
			targetProxy = 1E275337222A72950035B6C2 /* PBXContainerItemProxy */;
		};
/* End PBXTargetDependency section */

/* Begin PBXVariantGroup section */
		1E275329222A72940035B6C2 /* Main.storyboard */ = {
			isa = PBXVariantGroup;
			children = (
				1E27532A222A72940035B6C2 /* Base */,
			);
			name = Main.storyboard;
			sourceTree = "<group>";
		};
		1E27532E222A72950035B6C2 /* LaunchScreen.storyboard */ = {
			isa = PBXVariantGroup;
			children = (
				1E27532F222A72950035B6C2 /* Base */,
			);
			name = LaunchScreen.storyboard;
			sourceTree = "<group>";
		};
/* End PBXVariantGroup section */

/* Begin XCBuildConfiguration section */
		1E27533D222A72950035B6C2 /* Debug */ = {
			isa = XCBuildConfiguration;
			buildSettings = {
				ALWAYS_SEARCH_USER_PATHS = NO;
				CLANG_ANALYZER_NONNULL = YES;
				CLANG_ANALYZER_NUMBER_OBJECT_CONVERSION = YES_AGGRESSIVE;
				CLANG_CXX_LANGUAGE_STANDARD = "gnu++14";
				CLANG_CXX_LIBRARY = "libc++";
				CLANG_ENABLE_MODULES = YES;
				CLANG_ENABLE_OBJC_ARC = YES;
				CLANG_ENABLE_OBJC_WEAK = YES;
				CLANG_WARN_BLOCK_CAPTURE_AUTORELEASING = YES;
				CLANG_WARN_BOOL_CONVERSION = YES;
				CLANG_WARN_COMMA = YES;
				CLANG_WARN_CONSTANT_CONVERSION = YES;
				CLANG_WARN_DEPRECATED_OBJC_IMPLEMENTATIONS = YES;
				CLANG_WARN_DIRECT_OBJC_ISA_USAGE = YES_ERROR;
				CLANG_WARN_DOCUMENTATION_COMMENTS = YES;
				CLANG_WARN_EMPTY_BODY = YES;
				CLANG_WARN_ENUM_CONVERSION = YES;
				CLANG_WARN_INFINITE_RECURSION = YES;
				CLANG_WARN_INT_CONVERSION = YES;
				CLANG_WARN_NON_LITERAL_NULL_CONVERSION = YES;
				CLANG_WARN_OBJC_IMPLICIT_RETAIN_SELF = YES;
				CLANG_WARN_OBJC_LITERAL_CONVERSION = YES;
				CLANG_WARN_OBJC_ROOT_CLASS = YES_ERROR;
				CLANG_WARN_RANGE_LOOP_ANALYSIS = YES;
				CLANG_WARN_STRICT_PROTOTYPES = YES;
				CLANG_WARN_SUSPICIOUS_MOVE = YES;
				CLANG_WARN_UNGUARDED_AVAILABILITY = YES_AGGRESSIVE;
				CLANG_WARN_UNREACHABLE_CODE = YES;
				CLANG_WARN__DUPLICATE_METHOD_MATCH = YES;
				CODE_SIGN_IDENTITY = "iPhone Developer";
				COPY_PHASE_STRIP = NO;
				DEBUG_INFORMATION_FORMAT = dwarf;
				ENABLE_STRICT_OBJC_MSGSEND = YES;
				ENABLE_TESTABILITY = YES;
				GCC_C_LANGUAGE_STANDARD = gnu11;
				GCC_DYNAMIC_NO_PIC = NO;
				GCC_NO_COMMON_BLOCKS = YES;
				GCC_OPTIMIZATION_LEVEL = 0;
				GCC_PREPROCESSOR_DEFINITIONS = (
					"DEBUG=1",
					"$(inherited)",
				);
				GCC_WARN_64_TO_32_BIT_CONVERSION = YES;
				GCC_WARN_ABOUT_RETURN_TYPE = YES_ERROR;
				GCC_WARN_UNDECLARED_SELECTOR = YES;
				GCC_WARN_UNINITIALIZED_AUTOS = YES_AGGRESSIVE;
				GCC_WARN_UNUSED_FUNCTION = YES;
				GCC_WARN_UNUSED_VARIABLE = YES;
				IPHONEOS_DEPLOYMENT_TARGET = 12.1;
				MTL_ENABLE_DEBUG_INFO = INCLUDE_SOURCE;
				MTL_FAST_MATH = YES;
				ONLY_ACTIVE_ARCH = YES;
				SDKROOT = iphoneos;
				SWIFT_ACTIVE_COMPILATION_CONDITIONS = DEBUG;
				SWIFT_OPTIMIZATION_LEVEL = "-Onone";
			};
			name = Debug;
		};
		1E27533E222A72950035B6C2 /* Release */ = {
			isa = XCBuildConfiguration;
			buildSettings = {
				ALWAYS_SEARCH_USER_PATHS = NO;
				CLANG_ANALYZER_NONNULL = YES;
				CLANG_ANALYZER_NUMBER_OBJECT_CONVERSION = YES_AGGRESSIVE;
				CLANG_CXX_LANGUAGE_STANDARD = "gnu++14";
				CLANG_CXX_LIBRARY = "libc++";
				CLANG_ENABLE_MODULES = YES;
				CLANG_ENABLE_OBJC_ARC = YES;
				CLANG_ENABLE_OBJC_WEAK = YES;
				CLANG_WARN_BLOCK_CAPTURE_AUTORELEASING = YES;
				CLANG_WARN_BOOL_CONVERSION = YES;
				CLANG_WARN_COMMA = YES;
				CLANG_WARN_CONSTANT_CONVERSION = YES;
				CLANG_WARN_DEPRECATED_OBJC_IMPLEMENTATIONS = YES;
				CLANG_WARN_DIRECT_OBJC_ISA_USAGE = YES_ERROR;
				CLANG_WARN_DOCUMENTATION_COMMENTS = YES;
				CLANG_WARN_EMPTY_BODY = YES;
				CLANG_WARN_ENUM_CONVERSION = YES;
				CLANG_WARN_INFINITE_RECURSION = YES;
				CLANG_WARN_INT_CONVERSION = YES;
				CLANG_WARN_NON_LITERAL_NULL_CONVERSION = YES;
				CLANG_WARN_OBJC_IMPLICIT_RETAIN_SELF = YES;
				CLANG_WARN_OBJC_LITERAL_CONVERSION = YES;
				CLANG_WARN_OBJC_ROOT_CLASS = YES_ERROR;
				CLANG_WARN_RANGE_LOOP_ANALYSIS = YES;
				CLANG_WARN_STRICT_PROTOTYPES = YES;
				CLANG_WARN_SUSPICIOUS_MOVE = YES;
				CLANG_WARN_UNGUARDED_AVAILABILITY = YES_AGGRESSIVE;
				CLANG_WARN_UNREACHABLE_CODE = YES;
				CLANG_WARN__DUPLICATE_METHOD_MATCH = YES;
				CODE_SIGN_IDENTITY = "iPhone Developer";
				COPY_PHASE_STRIP = NO;
				DEBUG_INFORMATION_FORMAT = "dwarf-with-dsym";
				ENABLE_NS_ASSERTIONS = NO;
				ENABLE_STRICT_OBJC_MSGSEND = YES;
				GCC_C_LANGUAGE_STANDARD = gnu11;
				GCC_NO_COMMON_BLOCKS = YES;
				GCC_WARN_64_TO_32_BIT_CONVERSION = YES;
				GCC_WARN_ABOUT_RETURN_TYPE = YES_ERROR;
				GCC_WARN_UNDECLARED_SELECTOR = YES;
				GCC_WARN_UNINITIALIZED_AUTOS = YES_AGGRESSIVE;
				GCC_WARN_UNUSED_FUNCTION = YES;
				GCC_WARN_UNUSED_VARIABLE = YES;
				IPHONEOS_DEPLOYMENT_TARGET = 12.1;
				MTL_ENABLE_DEBUG_INFO = NO;
				MTL_FAST_MATH = YES;
				SDKROOT = iphoneos;
				SWIFT_COMPILATION_MODE = wholemodule;
				SWIFT_OPTIMIZATION_LEVEL = "-O";
				VALIDATE_PRODUCT = YES;
			};
			name = Release;
		};
		1E275340222A72950035B6C2 /* Debug */ = {
			isa = XCBuildConfiguration;
			buildSettings = {
				ASSETCATALOG_COMPILER_APPICON_NAME = AppIcon;
				CODE_SIGN_STYLE = Automatic;
				DEVELOPMENT_TEAM = 56M568NFSD;
				INFOPLIST_FILE = "$(SRCROOT)/lunchManager/SupportingFiles/Info.plist";
				LD_RUNPATH_SEARCH_PATHS = (
					"$(inherited)",
					"@executable_path/Frameworks",
				);
				PRODUCT_BUNDLE_IDENTIFIER = kr.co.123llunch.lunchManager;
				PRODUCT_NAME = "$(TARGET_NAME)";
				SWIFT_VERSION = 5.0;
				TARGETED_DEVICE_FAMILY = "1,2";
			};
			name = Debug;
		};
		1E275341222A72950035B6C2 /* Release */ = {
			isa = XCBuildConfiguration;
			buildSettings = {
				ASSETCATALOG_COMPILER_APPICON_NAME = AppIcon;
				CODE_SIGN_STYLE = Automatic;
				DEVELOPMENT_TEAM = 56M568NFSD;
				INFOPLIST_FILE = "$(SRCROOT)/lunchManager/SupportingFiles/Info.plist";
				LD_RUNPATH_SEARCH_PATHS = (
					"$(inherited)",
					"@executable_path/Frameworks",
				);
				PRODUCT_BUNDLE_IDENTIFIER = kr.co.123llunch.lunchManager;
				PRODUCT_NAME = "$(TARGET_NAME)";
				SWIFT_VERSION = 5.0;
				TARGETED_DEVICE_FAMILY = "1,2";
			};
			name = Release;
		};
		1E275343222A72950035B6C2 /* Debug */ = {
			isa = XCBuildConfiguration;
			buildSettings = {
				ALWAYS_EMBED_SWIFT_STANDARD_LIBRARIES = YES;
				BUNDLE_LOADER = "$(TEST_HOST)";
				CODE_SIGN_STYLE = Automatic;
				INFOPLIST_FILE = lunchManagerTests/Info.plist;
				LD_RUNPATH_SEARCH_PATHS = (
					"$(inherited)",
					"@executable_path/Frameworks",
					"@loader_path/Frameworks",
				);
				PRODUCT_BUNDLE_IDENTIFIER = kr.co.123llunch.lunchManagerTests;
				PRODUCT_NAME = "$(TARGET_NAME)";
				SWIFT_VERSION = 5.0;
				TARGETED_DEVICE_FAMILY = "1,2";
				TEST_HOST = "$(BUILT_PRODUCTS_DIR)/lunchManager.app/lunchManager";
			};
			name = Debug;
		};
		1E275344222A72950035B6C2 /* Release */ = {
			isa = XCBuildConfiguration;
			buildSettings = {
				ALWAYS_EMBED_SWIFT_STANDARD_LIBRARIES = YES;
				BUNDLE_LOADER = "$(TEST_HOST)";
				CODE_SIGN_STYLE = Automatic;
				INFOPLIST_FILE = lunchManagerTests/Info.plist;
				LD_RUNPATH_SEARCH_PATHS = (
					"$(inherited)",
					"@executable_path/Frameworks",
					"@loader_path/Frameworks",
				);
				PRODUCT_BUNDLE_IDENTIFIER = kr.co.123llunch.lunchManagerTests;
				PRODUCT_NAME = "$(TARGET_NAME)";
				SWIFT_VERSION = 5.0;
				TARGETED_DEVICE_FAMILY = "1,2";
				TEST_HOST = "$(BUILT_PRODUCTS_DIR)/lunchManager.app/lunchManager";
			};
			name = Release;
		};
/* End XCBuildConfiguration section */

/* Begin XCConfigurationList section */
		1E27531B222A72940035B6C2 /* Build configuration list for PBXProject "lunchManager" */ = {
			isa = XCConfigurationList;
			buildConfigurations = (
				1E27533D222A72950035B6C2 /* Debug */,
				1E27533E222A72950035B6C2 /* Release */,
			);
			defaultConfigurationIsVisible = 0;
			defaultConfigurationName = Release;
		};
		1E27533F222A72950035B6C2 /* Build configuration list for PBXNativeTarget "lunchManager" */ = {
			isa = XCConfigurationList;
			buildConfigurations = (
				1E275340222A72950035B6C2 /* Debug */,
				1E275341222A72950035B6C2 /* Release */,
			);
			defaultConfigurationIsVisible = 0;
			defaultConfigurationName = Release;
		};
		1E275342222A72950035B6C2 /* Build configuration list for PBXNativeTarget "lunchManagerTests" */ = {
			isa = XCConfigurationList;
			buildConfigurations = (
				1E275343222A72950035B6C2 /* Debug */,
				1E275344222A72950035B6C2 /* Release */,
			);
			defaultConfigurationIsVisible = 0;
			defaultConfigurationName = Release;
		};
/* End XCConfigurationList section */
	};
	rootObject = 1E275318222A72940035B6C2 /* Project object */;
}
